
Microsoft Visual Studio Solution File, Format Version 12.00
# Visual Studio Version 17
VisualStudioVersion = 17.3.32825.248
MinimumVisualStudioVersion = 10.0.40219.1
Project("{8BC9CEB8-8B4A-11D0-8D11-00A0C91BC942}") = "cpmid", "cpmid\cpmid.vcxproj", "{5874BAE5-24AE-4D0C-B6DC-04F6E42B6A2D}"
EndProject
Global
	GlobalSection(SolutionConfigurationPlatforms) = preSolution
		Debug|x64 = Debug|x64
		Debug|x86 = Debug|x86
		Release|x64 = Release|x64
		Release|x86 = Release|x86
	EndGlobalSection
	GlobalSection(ProjectConfigurationPlatforms) = postSolution
		{5874BAE5-24AE-4D0C-B6DC-04F6E42B6A2D}.Debug|x64.ActiveCfg = Debug|x64
		{5874BAE5-24AE-4D0C-B6DC-04F6E42B6A2D}.Debug|x64.Build.0 = Debug|x64
		{5874BAE5-24AE-4D0C-B6DC-04F6E42B6A2D}.Debug|x86.ActiveCfg = Debug|Win32
		{5874BAE5-24AE-4D0C-B6DC-04F6E42B6A2D}.Debug|x86.Build.0 = Debug|Win32
		{5874BAE5-24AE-4D0C-B6DC-04F6E42B6A2D}.Release|x64.ActiveCfg = Release|x64
		{5874BAE5-24AE-4D0C-B6DC-04F6E42B6A2D}.Release|x64.Build.0 = Release|x64
		{5874BAE5-24AE-4D0C-B6DC-04F6E42B6A2D}.Release|x86.ActiveCfg = Release|Win32
		{5874BAE5-24AE-4D0C-B6DC-04F6E42B6A2D}.Release|x86.Build.0 = Release|Win32
	EndGlobalSection
	GlobalSection(SolutionProperties) = preSolution
		HideSolutionNode = FALSE
	EndGlobalSection
	GlobalSection(ExtensibilityGlobals) = postSolution
		SolutionGuid = {E946320C-B9DB-42A5-9FD2-BE7B05EF9FD7}
	EndGlobalSection
EndGlobal
